
Microsoft Visual Studio Solution File, Format Version 12.00
# Visual Studio Version 17
VisualStudioVersion = 17.13.35931.197 d17.13
MinimumVisualStudioVersion = 10.0.40219.1
Project("{8BC9CEB8-8B4A-11D0-8D11-00A0C91BC942}") = "GC2A_PG3", "GC2A_PG3.vcxproj", "{F65BC638-8C00-4651-ADC7-7B3AD42B34CF}"
EndProject
Global
	GlobalSection(SolutionConfigurationPlatforms) = preSolution
		Debug|x64 = Debug|x64
		Debug|x86 = Debug|x86
		Release|x64 = Release|x64
		Release|x86 = Release|x86
	EndGlobalSection
	GlobalSection(ProjectConfigurationPlatforms) = postSolution
		{F65BC638-8C00-4651-ADC7-7B3AD42B34CF}.Debug|x64.ActiveCfg = Debug|x64
		{F65BC638-8C00-4651-ADC7-7B3AD42B34CF}.Debug|x64.Build.0 = Debug|x64
		{F65BC638-8C00-4651-ADC7-7B3AD42B34CF}.Debug|x86.ActiveCfg = Debug|Win32
		{F65BC638-8C00-4651-ADC7-7B3AD42B34CF}.Debug|x86.Build.0 = Debug|Win32
		{F65BC638-8C00-4651-ADC7-7B3AD42B34CF}.Release|x64.ActiveCfg = Release|x64
		{F65BC638-8C00-4651-ADC7-7B3AD42B34CF}.Release|x64.Build.0 = Release|x64
		{F65BC638-8C00-4651-ADC7-7B3AD42B34CF}.Release|x86.ActiveCfg = Release|Win32
		{F65BC638-8C00-4651-ADC7-7B3AD42B34CF}.Release|x86.Build.0 = Release|Win32
	EndGlobalSection
	GlobalSection(SolutionProperties) = preSolution
		HideSolutionNode = FALSE
	EndGlobalSection
	GlobalSection(ExtensibilityGlobals) = postSolution
		SolutionGuid = {664ED2C4-361E-4D13-88D7-51F85C9B2FD2}
	EndGlobalSection
EndGlobal
